
Microsoft Visual Studio Solution File, Format Version 12.00
# Visual Studio Version 17
VisualStudioVersion = 17.5.33516.290
MinimumVisualStudioVersion = 10.0.40219.1
Project("{FAE04EC0-301F-11D3-BF4B-00C04F79EFBC}") = "ODEV5", "ODEV5\ODEV5.csproj", "{0E895F1D-4AAD-49E9-A76B-57D7E65ACA27}"
EndProject
Global
	GlobalSection(SolutionConfigurationPlatforms) = preSolution
		Debug|Any CPU = Debug|Any CPU
		Release|Any CPU = Release|Any CPU
	EndGlobalSection
	GlobalSection(ProjectConfigurationPlatforms) = postSolution
		{0E895F1D-4AAD-49E9-A76B-57D7E65ACA27}.Debug|Any CPU.ActiveCfg = Debug|Any CPU
		{0E895F1D-4AAD-49E9-A76B-57D7E65ACA27}.Debug|Any CPU.Build.0 = Debug|Any CPU
		{0E895F1D-4AAD-49E9-A76B-57D7E65ACA27}.Release|Any CPU.ActiveCfg = Release|Any CPU
		{0E895F1D-4AAD-49E9-A76B-57D7E65ACA27}.Release|Any CPU.Build.0 = Release|Any CPU
	EndGlobalSection
	GlobalSection(SolutionProperties) = preSolution
		HideSolutionNode = FALSE
	EndGlobalSection
	GlobalSection(ExtensibilityGlobals) = postSolution
		SolutionGuid = {342FC619-DA8A-4906-8B6F-92920D153A50}
	EndGlobalSection
EndGlobal
